{
  "pins" : [
    {
      "identity" : "fitscore",
      "kind" : "remoteSourceControl",
      "location" : "https://github.com/andreasjk/fitscore.git",
      "state" : {
        "revision" : "1852e022961f28c765810817a6e66b7513a8b4e0",
        "version" : "0.3.1"
      }
    },
    {
      "identity" : "fitskit",
      "kind" : "remoteSourceControl",
      "location" : "https://github.com/ifeLight/fitskit.git",
      "state" : {
        "branch" : "master",
        "revision" : "82198ba97e5d7d14cc2d57b9b365265e760a81f4"
      }
    },
    {
      "identity" : "swift-numerics",
      "kind" : "remoteSourceControl",
      "location" : "https://github.com/apple/swift-numerics.git",
      "state" : {
        "branch" : "main",
        "revision" : "178f513ce685a462b7d04c6f3431f202f3f26261"
      }
    },
    {
      "identity" : "swiftqvalue",
      "kind" : "remoteSourceControl",
      "location" : "https://github.com/triple7/SwiftQValue",
      "state" : {
        "branch" : "main",
        "revision" : "c0973ee242bbe57dd9e7e0a91ceb36073c849e98"
      }
    },
    {
      "identity" : "zip",
      "kind" : "remoteSourceControl",
      "location" : "https://github.com/marmelroy/Zip.git",
      "state" : {
        "branch" : "master",
        "revision" : "bca30f6d6c7d37cbc4aa8f6b0002e281dcc36195"
      }
    }
  ],
  "version" : 2
}
