{
  "pins" : [
    {
      "identity" : "fitscore",
      "kind" : "remoteSourceControl",
      "location" : "https://github.com/brampf/fitscore.git",
      "state" : {
        "branch" : "master",
        "revision" : "93a1f0c7056a323b9f27cb618c83f64d458edb7b"
      }
    },
    {
      "identity" : "fitskit",
      "kind" : "remoteSourceControl",
      "location" : "https://github.com/brampf/fitskit.git",
      "state" : {
        "branch" : "master",
        "revision" : "0e4094ed8c45d094551c519d4e36d466ea900de6"
      }
    },
    {
      "identity" : "swift-numerics",
      "kind" : "remoteSourceControl",
      "location" : "https://github.com/apple/swift-numerics.git",
      "state" : {
        "branch" : "main",
        "revision" : "0111e791a16a08f577078e2e39b5f68918bf29b0"
      }
    }
  ],
  "version" : 2
}
